
Microsoft Visual Studio Solution File, Format Version 12.00
# Visual Studio Version 16
VisualStudioVersion = 16.0.29806.167
MinimumVisualStudioVersion = 10.0.40219.1
Project("{FAE04EC0-301F-11D3-BF4B-00C04F79EFBC}") = "DB_Manager", "DB_Manager.csproj", "{D91845D9-7767-47BA-BE99-C63F6CE9D9E1}"
EndProject
Project("{FAE04EC0-301F-11D3-BF4B-00C04F79EFBC}") = "Admin_wcf", "..\Admin_wcf\Admin_wcf.csproj", "{C619AE07-35AA-45F6-8BB2-539023E36404}"
EndProject
Project("{FAE04EC0-301F-11D3-BF4B-00C04F79EFBC}") = "ErasEasyLife", "..\ErasEasyLife\ErasEasyLife.csproj", "{C6531F50-E7D1-4DA1-A92A-071CF04728F4}"
EndProject
Global
	GlobalSection(SolutionConfigurationPlatforms) = preSolution
		Debug|Any CPU = Debug|Any CPU
		Release|Any CPU = Release|Any CPU
	EndGlobalSection
	GlobalSection(ProjectConfigurationPlatforms) = postSolution
		{D91845D9-7767-47BA-BE99-C63F6CE9D9E1}.Debug|Any CPU.ActiveCfg = Debug|Any CPU
		{D91845D9-7767-47BA-BE99-C63F6CE9D9E1}.Debug|Any CPU.Build.0 = Debug|Any CPU
		{D91845D9-7767-47BA-BE99-C63F6CE9D9E1}.Release|Any CPU.ActiveCfg = Release|Any CPU
		{D91845D9-7767-47BA-BE99-C63F6CE9D9E1}.Release|Any CPU.Build.0 = Release|Any CPU
		{C619AE07-35AA-45F6-8BB2-539023E36404}.Debug|Any CPU.ActiveCfg = Debug|Any CPU
		{C619AE07-35AA-45F6-8BB2-539023E36404}.Debug|Any CPU.Build.0 = Debug|Any CPU
		{C619AE07-35AA-45F6-8BB2-539023E36404}.Release|Any CPU.ActiveCfg = Release|Any CPU
		{C619AE07-35AA-45F6-8BB2-539023E36404}.Release|Any CPU.Build.0 = Release|Any CPU
		{C6531F50-E7D1-4DA1-A92A-071CF04728F4}.Debug|Any CPU.ActiveCfg = Debug|Any CPU
		{C6531F50-E7D1-4DA1-A92A-071CF04728F4}.Debug|Any CPU.Build.0 = Debug|Any CPU
		{C6531F50-E7D1-4DA1-A92A-071CF04728F4}.Release|Any CPU.ActiveCfg = Release|Any CPU
		{C6531F50-E7D1-4DA1-A92A-071CF04728F4}.Release|Any CPU.Build.0 = Release|Any CPU
	EndGlobalSection
	GlobalSection(SolutionProperties) = preSolution
		HideSolutionNode = FALSE
	EndGlobalSection
	GlobalSection(ExtensibilityGlobals) = postSolution
		SolutionGuid = {7F438BC5-B652-48AF-ADCC-9F91D1681AE1}
	EndGlobalSection
EndGlobal
